
Microsoft Visual Studio Solution File, Format Version 12.00
# Visual Studio Version 17
VisualStudioVersion = 17.6.33829.357
MinimumVisualStudioVersion = 10.0.40219.1
Project("{FAE04EC0-301F-11D3-BF4B-00C04F79EFBC}") = "RentACar.API", "RentACar.API\RentACar.API.csproj", "{BF46B87A-27F2-4B5C-92FD-56F570F03F1E}"
EndProject
Project("{FAE04EC0-301F-11D3-BF4B-00C04F79EFBC}") = "RentACar.DataAcces", "RentACar.DataAcces\RentACar.DataAcces.csproj", "{4194FB27-1450-43FC-BA6F-478BA03A6C50}"
EndProject
Project("{FAE04EC0-301F-11D3-BF4B-00C04F79EFBC}") = "RentACar.Bussines", "RentACar.Bussines\RentACar.Bussines.csproj", "{14B1081F-52AB-4131-AFC0-CD7AE809A1C1}"
EndProject
Project("{FAE04EC0-301F-11D3-BF4B-00C04F79EFBC}") = "RentACar.Entities", "RentACar.Entities\RentACar.Entities.csproj", "{CD61D284-D345-4974-9FB5-3A584AF048CE}"
EndProject
Global
	GlobalSection(SolutionConfigurationPlatforms) = preSolution
		Debug|Any CPU = Debug|Any CPU
		Release|Any CPU = Release|Any CPU
	EndGlobalSection
	GlobalSection(ProjectConfigurationPlatforms) = postSolution
		{BF46B87A-27F2-4B5C-92FD-56F570F03F1E}.Debug|Any CPU.ActiveCfg = Debug|Any CPU
		{BF46B87A-27F2-4B5C-92FD-56F570F03F1E}.Debug|Any CPU.Build.0 = Debug|Any CPU
		{BF46B87A-27F2-4B5C-92FD-56F570F03F1E}.Release|Any CPU.ActiveCfg = Release|Any CPU
		{BF46B87A-27F2-4B5C-92FD-56F570F03F1E}.Release|Any CPU.Build.0 = Release|Any CPU
		{4194FB27-1450-43FC-BA6F-478BA03A6C50}.Debug|Any CPU.ActiveCfg = Debug|Any CPU
		{4194FB27-1450-43FC-BA6F-478BA03A6C50}.Debug|Any CPU.Build.0 = Debug|Any CPU
		{4194FB27-1450-43FC-BA6F-478BA03A6C50}.Release|Any CPU.ActiveCfg = Release|Any CPU
		{4194FB27-1450-43FC-BA6F-478BA03A6C50}.Release|Any CPU.Build.0 = Release|Any CPU
		{14B1081F-52AB-4131-AFC0-CD7AE809A1C1}.Debug|Any CPU.ActiveCfg = Debug|Any CPU
		{14B1081F-52AB-4131-AFC0-CD7AE809A1C1}.Debug|Any CPU.Build.0 = Debug|Any CPU
		{14B1081F-52AB-4131-AFC0-CD7AE809A1C1}.Release|Any CPU.ActiveCfg = Release|Any CPU
		{14B1081F-52AB-4131-AFC0-CD7AE809A1C1}.Release|Any CPU.Build.0 = Release|Any CPU
		{CD61D284-D345-4974-9FB5-3A584AF048CE}.Debug|Any CPU.ActiveCfg = Debug|Any CPU
		{CD61D284-D345-4974-9FB5-3A584AF048CE}.Debug|Any CPU.Build.0 = Debug|Any CPU
		{CD61D284-D345-4974-9FB5-3A584AF048CE}.Release|Any CPU.ActiveCfg = Release|Any CPU
		{CD61D284-D345-4974-9FB5-3A584AF048CE}.Release|Any CPU.Build.0 = Release|Any CPU
	EndGlobalSection
	GlobalSection(SolutionProperties) = preSolution
		HideSolutionNode = FALSE
	EndGlobalSection
	GlobalSection(ExtensibilityGlobals) = postSolution
		SolutionGuid = {57E488AF-FDEE-44AC-8A4C-8D8903449B58}
	EndGlobalSection
EndGlobal
